# THIS IS AN AUTOGENERATED FILE. DO NOT EDIT THIS FILE DIRECTLY.
# yarn lockfile v1


sweetalert2@^11.0.9:
  version "11.0.9"
  resolved "https://registry.yarnpkg.com/sweetalert2/-/sweetalert2-11.0.9.tgz#f370b21c528f94916e7d3db315458ff2784fd62c"
  integrity sha512-IEFWaTG+0YO5Zp7CVlqtokun++o+zVCY7dT5PT7eBk5Qj/4NmwDJG+4w5K0BrtXj5Olq3yt4UtvqZ3/kBla7YA==
